{
  "name": "git-commit-assistant",
  "version": "0.1.0",
  "lockfileVersion": 3,
  "requires": true,
  "packages": {
    "": {
      "name": "git-commit-assistant",
      "version": "0.1.0",
      "license": "Apache-2.0",
      "engines": {
        "node": ">=22"
      },
      "description": "Generate Conventional Commit messages from staged Git changes when Codex is asked to draft or create a commit, and commit only after explicit confirmation; not for Git explanations, history review, or history rewriting."
    }
  }
}
