{
  "name": "git-commit-assistant",
  "version": "0.1.0",
  "lockfileVersion": 3,
  "requires": true,
  "packages": {
    "": {
      "name": "git-commit-assistant",
      "version": "0.1.0",
      "description": "Generate Conventional Commit messages for staged or current-task Git changes, prepare only task-related hunks for explicit commit requests, and commit only after a second confirmation; not for Git explanations, history review, history rewriting, or combined push/release requests.",
      "license": "Apache-2.0",
      "engines": {
        "node": ">=22"
      }
    }
  }
}
